
Microsoft Visual Studio Solution File, Format Version 12.00
# Visual Studio Version 17
VisualStudioVersion = 17.0.31903.59
MinimumVisualStudioVersion = 10.0.40219.1
Project("{FAE04EC0-301F-11D3-BF4B-00C04F79EFBC}") = "StripKit", "src\StripKit\StripKit.csproj", "{B2C3D4E5-6789-4ABC-DEF0-123456789ABC}"
EndProject
Project("{2150E333-8FDC-42A3-9474-1A3956D46DE8}") = "tests", "tests", "{0AB3BF05-4346-4AA6-1389-037BE0695223}"
EndProject
Project("{FAE04EC0-301F-11D3-BF4B-00C04F79EFBC}") = "StripKit.Tests", "tests\StripKit.Tests\StripKit.Tests.csproj", "{FB6736E9-AE46-426D-AEA2-9A6A81067FF1}"
EndProject
Project("{2150E333-8FDC-42A3-9474-1A3956D46DE8}") = "src", "src", "{827E0CD3-B72D-47B6-A68D-7590B98EB39B}"
EndProject
Global
	GlobalSection(SolutionConfigurationPlatforms) = preSolution
		Debug|Any CPU = Debug|Any CPU
		Debug|x64 = Debug|x64
		Debug|x86 = Debug|x86
		Release|Any CPU = Release|Any CPU
		Release|x64 = Release|x64
		Release|x86 = Release|x86
	EndGlobalSection
	GlobalSection(ProjectConfigurationPlatforms) = postSolution
		{B2C3D4E5-6789-4ABC-DEF0-123456789ABC}.Debug|Any CPU.ActiveCfg = Debug|Any CPU
		{B2C3D4E5-6789-4ABC-DEF0-123456789ABC}.Debug|Any CPU.Build.0 = Debug|Any CPU
		{B2C3D4E5-6789-4ABC-DEF0-123456789ABC}.Debug|x64.ActiveCfg = Debug|Any CPU
		{B2C3D4E5-6789-4ABC-DEF0-123456789ABC}.Debug|x64.Build.0 = Debug|Any CPU
		{B2C3D4E5-6789-4ABC-DEF0-123456789ABC}.Debug|x86.ActiveCfg = Debug|Any CPU
		{B2C3D4E5-6789-4ABC-DEF0-123456789ABC}.Debug|x86.Build.0 = Debug|Any CPU
		{B2C3D4E5-6789-4ABC-DEF0-123456789ABC}.Release|Any CPU.ActiveCfg = Release|Any CPU
		{B2C3D4E5-6789-4ABC-DEF0-123456789ABC}.Release|Any CPU.Build.0 = Release|Any CPU
		{B2C3D4E5-6789-4ABC-DEF0-123456789ABC}.Release|x64.ActiveCfg = Release|Any CPU
		{B2C3D4E5-6789-4ABC-DEF0-123456789ABC}.Release|x64.Build.0 = Release|Any CPU
		{B2C3D4E5-6789-4ABC-DEF0-123456789ABC}.Release|x86.ActiveCfg = Release|Any CPU
		{B2C3D4E5-6789-4ABC-DEF0-123456789ABC}.Release|x86.Build.0 = Release|Any CPU
		{FB6736E9-AE46-426D-AEA2-9A6A81067FF1}.Debug|Any CPU.ActiveCfg = Debug|Any CPU
		{FB6736E9-AE46-426D-AEA2-9A6A81067FF1}.Debug|Any CPU.Build.0 = Debug|Any CPU
		{FB6736E9-AE46-426D-AEA2-9A6A81067FF1}.Debug|x64.ActiveCfg = Debug|Any CPU
		{FB6736E9-AE46-426D-AEA2-9A6A81067FF1}.Debug|x64.Build.0 = Debug|Any CPU
		{FB6736E9-AE46-426D-AEA2-9A6A81067FF1}.Debug|x86.ActiveCfg = Debug|Any CPU
		{FB6736E9-AE46-426D-AEA2-9A6A81067FF1}.Debug|x86.Build.0 = Debug|Any CPU
		{FB6736E9-AE46-426D-AEA2-9A6A81067FF1}.Release|Any CPU.ActiveCfg = Release|Any CPU
		{FB6736E9-AE46-426D-AEA2-9A6A81067FF1}.Release|Any CPU.Build.0 = Release|Any CPU
		{FB6736E9-AE46-426D-AEA2-9A6A81067FF1}.Release|x64.ActiveCfg = Release|Any CPU
		{FB6736E9-AE46-426D-AEA2-9A6A81067FF1}.Release|x64.Build.0 = Release|Any CPU
		{FB6736E9-AE46-426D-AEA2-9A6A81067FF1}.Release|x86.ActiveCfg = Release|Any CPU
		{FB6736E9-AE46-426D-AEA2-9A6A81067FF1}.Release|x86.Build.0 = Release|Any CPU
	EndGlobalSection
	GlobalSection(SolutionProperties) = preSolution
		HideSolutionNode = FALSE
	EndGlobalSection
	GlobalSection(NestedProjects) = preSolution
		{FB6736E9-AE46-426D-AEA2-9A6A81067FF1} = {0AB3BF05-4346-4AA6-1389-037BE0695223}
	EndGlobalSection
EndGlobal
